
Microsoft Visual Studio Solution File, Format Version 12.00
# Visual Studio 2012
Project("{FAE04EC0-301F-11D3-BF4B-00C04F79EFBC}") = "PruebaDAR", "PruebaDAR\PruebaDAR.csproj", "{A1926FE3-C763-46F9-A42F-3120AE94314E}"
EndProject
Project("{FAE04EC0-301F-11D3-BF4B-00C04F79EFBC}") = "PruebaWebDAR", "PruebaWebDAR\PruebaWebDAR.csproj", "{BB2828E2-F1C8-4F20-A712-9068E6B5F101}"
EndProject
Global
	GlobalSection(SolutionConfigurationPlatforms) = preSolution
		Debug|Any CPU = Debug|Any CPU
		Release|Any CPU = Release|Any CPU
	EndGlobalSection
	GlobalSection(ProjectConfigurationPlatforms) = postSolution
		{A1926FE3-C763-46F9-A42F-3120AE94314E}.Debug|Any CPU.ActiveCfg = Debug|Any CPU
		{A1926FE3-C763-46F9-A42F-3120AE94314E}.Debug|Any CPU.Build.0 = Debug|Any CPU
		{A1926FE3-C763-46F9-A42F-3120AE94314E}.Release|Any CPU.ActiveCfg = Release|Any CPU
		{A1926FE3-C763-46F9-A42F-3120AE94314E}.Release|Any CPU.Build.0 = Release|Any CPU
		{BB2828E2-F1C8-4F20-A712-9068E6B5F101}.Debug|Any CPU.ActiveCfg = Debug|Any CPU
		{BB2828E2-F1C8-4F20-A712-9068E6B5F101}.Debug|Any CPU.Build.0 = Debug|Any CPU
		{BB2828E2-F1C8-4F20-A712-9068E6B5F101}.Release|Any CPU.ActiveCfg = Release|Any CPU
		{BB2828E2-F1C8-4F20-A712-9068E6B5F101}.Release|Any CPU.Build.0 = Release|Any CPU
	EndGlobalSection
	GlobalSection(SolutionProperties) = preSolution
		HideSolutionNode = FALSE
	EndGlobalSection
EndGlobal
